// !$*UTF8*$!
{
	archiveVersion = 1;
	classes = {
	};
	objectVersion = 50;
	objects = {

/* Begin PBXBuildFile section */
		D9183884213D29FE006BD216 /* AppDelegate.swift in Sources */ = {isa = PBXBuildFile; fileRef = D9183883213D29FE006BD216 /* AppDelegate.swift */; };
		D9183886213D29FE006BD216 /* ViewController.swift in Sources */ = {isa = PBXBuildFile; fileRef = D9183885213D29FE006BD216 /* ViewController.swift */; };
		D9183889213D29FE006BD216 /* Main.storyboard in Resources */ = {isa = PBXBuildFile; fileRef = D9183887213D29FE006BD216 /* Main.storyboard */; };
		D918388C213D29FE006BD216 /* CoreDataTest.xcdatamodeld in Sources */ = {isa = PBXBuildFile; fileRef = D918388A213D29FE006BD216 /* CoreDataTest.xcdatamodeld */; };
		D918388E213D29FF006BD216 /* Assets.xcassets in Resources */ = {isa = PBXBuildFile; fileRef = D918388D213D29FF006BD216 /* Assets.xcassets */; };
		D9183891213D29FF006BD216 /* LaunchScreen.storyboard in Resources */ = {isa = PBXBuildFile; fileRef = D918388F213D29FF006BD216 /* LaunchScreen.storyboard */; };
		D918389C213D2A00006BD216 /* CoreDataTestTests.swift in Sources */ = {isa = PBXBuildFile; fileRef = D918389B213D2A00006BD216 /* CoreDataTestTests.swift */; };
		D91838A7213D2A00006BD216 /* CoreDataTestUITests.swift in Sources */ = {isa = PBXBuildFile; fileRef = D91838A6213D2A00006BD216 /* CoreDataTestUITests.swift */; };
		D9F75075213EC05F00D554EA /* CoreDataTester.swift in Sources */ = {isa = PBXBuildFile; fileRef = D9F75074213EC05F00D554EA /* CoreDataTester.swift */; };
/* End PBXBuildFile section */

/* Begin PBXContainerItemProxy section */
		D9183898213D2A00006BD216 /* PBXContainerItemProxy */ = {
			isa = PBXContainerItemProxy;
			containerPortal = D9183878213D29FE006BD216 /* Project object */;
			proxyType = 1;
			remoteGlobalIDString = D918387F213D29FE006BD216;
			remoteInfo = CoreDataTest;
		};
		D91838A3213D2A00006BD216 /* PBXContainerItemProxy */ = {
			isa = PBXContainerItemProxy;
			containerPortal = D9183878213D29FE006BD216 /* Project object */;
			proxyType = 1;
			remoteGlobalIDString = D918387F213D29FE006BD216;
			remoteInfo = CoreDataTest;
		};
/* End PBXContainerItemProxy section */

/* Begin PBXFileReference section */
		D9183880213D29FE006BD216 /* CoreDataTest.app */ = {isa = PBXFileReference; explicitFileType = wrapper.application; includeInIndex = 0; path = CoreDataTest.app; sourceTree = BUILT_PRODUCTS_DIR; };
		D9183883213D29FE006BD216 /* AppDelegate.swift */ = {isa = PBXFileReference; lastKnownFileType = sourcecode.swift; path = AppDelegate.swift; sourceTree = "<group>"; };
		D9183885213D29FE006BD216 /* ViewController.swift */ = {isa = PBXFileReference; lastKnownFileType = sourcecode.swift; path = ViewController.swift; sourceTree = "<group>"; };
		D9183888213D29FE006BD216 /* Base */ = {isa = PBXFileReference; lastKnownFileType = file.storyboard; name = Base; path = Base.lproj/Main.storyboard; sourceTree = "<group>"; };
		D918388B213D29FE006BD216 /* CoreDataTest.xcdatamodel */ = {isa = PBXFileReference; lastKnownFileType = wrapper.xcdatamodel; path = CoreDataTest.xcdatamodel; sourceTree = "<group>"; };
		D918388D213D29FF006BD216 /* Assets.xcassets */ = {isa = PBXFileReference; lastKnownFileType = folder.assetcatalog; path = Assets.xcassets; sourceTree = "<group>"; };
		D9183890213D29FF006BD216 /* Base */ = {isa = PBXFileReference; lastKnownFileType = file.storyboard; name = Base; path = Base.lproj/LaunchScreen.storyboard; sourceTree = "<group>"; };
		D9183892213D29FF006BD216 /* Info.plist */ = {isa = PBXFileReference; lastKnownFileType = text.plist.xml; path = Info.plist; sourceTree = "<group>"; };
		D9183897213D2A00006BD216 /* CoreDataTestTests.xctest */ = {isa = PBXFileReference; explicitFileType = wrapper.cfbundle; includeInIndex = 0; path = CoreDataTestTests.xctest; sourceTree = BUILT_PRODUCTS_DIR; };
		D918389B213D2A00006BD216 /* CoreDataTestTests.swift */ = {isa = PBXFileReference; lastKnownFileType = sourcecode.swift; path = CoreDataTestTests.swift; sourceTree = "<group>"; };
		D918389D213D2A00006BD216 /* Info.plist */ = {isa = PBXFileReference; lastKnownFileType = text.plist.xml; path = Info.plist; sourceTree = "<group>"; };
		D91838A2213D2A00006BD216 /* CoreDataTestUITests.xctest */ = {isa = PBXFileReference; explicitFileType = wrapper.cfbundle; includeInIndex = 0; path = CoreDataTestUITests.xctest; sourceTree = BUILT_PRODUCTS_DIR; };
		D91838A6213D2A00006BD216 /* CoreDataTestUITests.swift */ = {isa = PBXFileReference; lastKnownFileType = sourcecode.swift; path = CoreDataTestUITests.swift; sourceTree = "<group>"; };
		D91838A8213D2A00006BD216 /* Info.plist */ = {isa = PBXFileReference; lastKnownFileType = text.plist.xml; path = Info.plist; sourceTree = "<group>"; };
		D9F75074213EC05F00D554EA /* CoreDataTester.swift */ = {isa = PBXFileReference; lastKnownFileType = sourcecode.swift; path = CoreDataTester.swift; sourceTree = "<group>"; };
/* End PBXFileReference section */

/* Begin PBXFrameworksBuildPhase section */
		D918387D213D29FE006BD216 /* Frameworks */ = {
			isa = PBXFrameworksBuildPhase;
			buildActionMask = 2147483647;
			files = (
			);
			runOnlyForDeploymentPostprocessing = 0;
		};
		D9183894213D2A00006BD216 /* Frameworks */ = {
			isa = PBXFrameworksBuildPhase;
			buildActionMask = 2147483647;
			files = (
			);
			runOnlyForDeploymentPostprocessing = 0;
		};
		D918389F213D2A00006BD216 /* Frameworks */ = {
			isa = PBXFrameworksBuildPhase;
			buildActionMask = 2147483647;
			files = (
			);
			runOnlyForDeploymentPostprocessing = 0;
		};
/* End PBXFrameworksBuildPhase section */

/* Begin PBXGroup section */
		D9183877213D29FE006BD216 = {
			isa = PBXGroup;
			children = (
				D9183882213D29FE006BD216 /* CoreDataTest */,
				D918389A213D2A00006BD216 /* CoreDataTestTests */,
				D91838A5213D2A00006BD216 /* CoreDataTestUITests */,
				D9183881213D29FE006BD216 /* Products */,
			);
			sourceTree = "<group>";
		};
		D9183881213D29FE006BD216 /* Products */ = {
			isa = PBXGroup;
			children = (
				D9183880213D29FE006BD216 /* CoreDataTest.app */,
				D9183897213D2A00006BD216 /* CoreDataTestTests.xctest */,
				D91838A2213D2A00006BD216 /* CoreDataTestUITests.xctest */,
			);
			name = Products;
			sourceTree = "<group>";
		};
		D9183882213D29FE006BD216 /* CoreDataTest */ = {
			isa = PBXGroup;
			children = (
				D9183883213D29FE006BD216 /* AppDelegate.swift */,
				D9F75074213EC05F00D554EA /* CoreDataTester.swift */,
				D9183885213D29FE006BD216 /* ViewController.swift */,
				D9183887213D29FE006BD216 /* Main.storyboard */,
				D918388D213D29FF006BD216 /* Assets.xcassets */,
				D918388F213D29FF006BD216 /* LaunchScreen.storyboard */,
				D9183892213D29FF006BD216 /* Info.plist */,
				D918388A213D29FE006BD216 /* CoreDataTest.xcdatamodeld */,
			);
			path = CoreDataTest;
			sourceTree = "<group>";
		};
		D918389A213D2A00006BD216 /* CoreDataTestTests */ = {
			isa = PBXGroup;
			children = (
				D918389B213D2A00006BD216 /* CoreDataTestTests.swift */,
				D918389D213D2A00006BD216 /* Info.plist */,
			);
			path = CoreDataTestTests;
			sourceTree = "<group>";
		};
		D91838A5213D2A00006BD216 /* CoreDataTestUITests */ = {
			isa = PBXGroup;
			children = (
				D91838A6213D2A00006BD216 /* CoreDataTestUITests.swift */,
				D91838A8213D2A00006BD216 /* Info.plist */,
			);
			path = CoreDataTestUITests;
			sourceTree = "<group>";
		};
/* End PBXGroup section */

/* Begin PBXNativeTarget section */
		D918387F213D29FE006BD216 /* CoreDataTest */ = {
			isa = PBXNativeTarget;
			buildConfigurationList = D91838AB213D2A00006BD216 /* Build configuration list for PBXNativeTarget "CoreDataTest" */;
			buildPhases = (
				D918387C213D29FE006BD216 /* Sources */,
				D918387D213D29FE006BD216 /* Frameworks */,
				D918387E213D29FE006BD216 /* Resources */,
			);
			buildRules = (
			);
			dependencies = (
			);
			name = CoreDataTest;
			productName = CoreDataTest;
			productReference = D9183880213D29FE006BD216 /* CoreDataTest.app */;
			productType = "com.apple.product-type.application";
		};
		D9183896213D2A00006BD216 /* CoreDataTestTests */ = {
			isa = PBXNativeTarget;
			buildConfigurationList = D91838AE213D2A00006BD216 /* Build configuration list for PBXNativeTarget "CoreDataTestTests" */;
			buildPhases = (
				D9183893213D2A00006BD216 /* Sources */,
				D9183894213D2A00006BD216 /* Frameworks */,
				D9183895213D2A00006BD216 /* Resources */,
			);
			buildRules = (
			);
			dependencies = (
				D9183899213D2A00006BD216 /* PBXTargetDependency */,
			);
			name = CoreDataTestTests;
			productName = CoreDataTestTests;
			productReference = D9183897213D2A00006BD216 /* CoreDataTestTests.xctest */;
			productType = "com.apple.product-type.bundle.unit-test";
		};
		D91838A1213D2A00006BD216 /* CoreDataTestUITests */ = {
			isa = PBXNativeTarget;
			buildConfigurationList = D91838B1213D2A00006BD216 /* Build configuration list for PBXNativeTarget "CoreDataTestUITests" */;
			buildPhases = (
				D918389E213D2A00006BD216 /* Sources */,
				D918389F213D2A00006BD216 /* Frameworks */,
				D91838A0213D2A00006BD216 /* Resources */,
			);
			buildRules = (
			);
			dependencies = (
				D91838A4213D2A00006BD216 /* PBXTargetDependency */,
			);
			name = CoreDataTestUITests;
			productName = CoreDataTestUITests;
			productReference = D91838A2213D2A00006BD216 /* CoreDataTestUITests.xctest */;
			productType = "com.apple.product-type.bundle.ui-testing";
		};
/* End PBXNativeTarget section */

/* Begin PBXProject section */
		D9183878213D29FE006BD216 /* Project object */ = {
			isa = PBXProject;
			attributes = {
				LastSwiftUpdateCheck = 0940;
				LastUpgradeCheck = 0940;
				ORGANIZATIONNAME = sunhy78;
				TargetAttributes = {
					D918387F213D29FE006BD216 = {
						CreatedOnToolsVersion = 9.4.1;
					};
					D9183896213D2A00006BD216 = {
						CreatedOnToolsVersion = 9.4.1;
						TestTargetID = D918387F213D29FE006BD216;
					};
					D91838A1213D2A00006BD216 = {
						CreatedOnToolsVersion = 9.4.1;
						TestTargetID = D918387F213D29FE006BD216;
					};
				};
			};
			buildConfigurationList = D918387B213D29FE006BD216 /* Build configuration list for PBXProject "CoreDataTest" */;
			compatibilityVersion = "Xcode 9.3";
			developmentRegion = en;
			hasScannedForEncodings = 0;
			knownRegions = (
				en,
				Base,
			);
			mainGroup = D9183877213D29FE006BD216;
			productRefGroup = D9183881213D29FE006BD216 /* Products */;
			projectDirPath = "";
			projectRoot = "";
			targets = (
				D918387F213D29FE006BD216 /* CoreDataTest */,
				D9183896213D2A00006BD216 /* CoreDataTestTests */,
				D91838A1213D2A00006BD216 /* CoreDataTestUITests */,
			);
		};
/* End PBXProject section */

/* Begin PBXResourcesBuildPhase section */
		D918387E213D29FE006BD216 /* Resources */ = {
			isa = PBXResourcesBuildPhase;
			buildActionMask = 2147483647;
			files = (
				D9183891213D29FF006BD216 /* LaunchScreen.storyboard in Resources */,
				D918388E213D29FF006BD216 /* Assets.xcassets in Resources */,
				D9183889213D29FE006BD216 /* Main.storyboard in Resources */,
			);
			runOnlyForDeploymentPostprocessing = 0;
		};
		D9183895213D2A00006BD216 /* Resources */ = {
			isa = PBXResourcesBuildPhase;
			buildActionMask = 2147483647;
			files = (
			);
			runOnlyForDeploymentPostprocessing = 0;
		};
		D91838A0213D2A00006BD216 /* Resources */ = {
			isa = PBXResourcesBuildPhase;
			buildActionMask = 2147483647;
			files = (
			);
			runOnlyForDeploymentPostprocessing = 0;
		};
/* End PBXResourcesBuildPhase section */

/* Begin PBXSourcesBuildPhase section */
		D918387C213D29FE006BD216 /* Sources */ = {
			isa = PBXSourcesBuildPhase;
			buildActionMask = 2147483647;
			files = (
				D9183886213D29FE006BD216 /* ViewController.swift in Sources */,
				D9F75075213EC05F00D554EA /* CoreDataTester.swift in Sources */,
				D918388C213D29FE006BD216 /* CoreDataTest.xcdatamodeld in Sources */,
				D9183884213D29FE006BD216 /* AppDelegate.swift in Sources */,
			);
			runOnlyForDeploymentPostprocessing = 0;
		};
		D9183893213D2A00006BD216 /* Sources */ = {
			isa = PBXSourcesBuildPhase;
			buildActionMask = 2147483647;
			files = (
				D918389C213D2A00006BD216 /* CoreDataTestTests.swift in Sources */,
			);
			runOnlyForDeploymentPostprocessing = 0;
		};
		D918389E213D2A00006BD216 /* Sources */ = {
			isa = PBXSourcesBuildPhase;
			buildActionMask = 2147483647;
			files = (
				D91838A7213D2A00006BD216 /* CoreDataTestUITests.swift in Sources */,
			);
			runOnlyForDeploymentPostprocessing = 0;
		};
/* End PBXSourcesBuildPhase section */

/* Begin PBXTargetDependency section */
		D9183899213D2A00006BD216 /* PBXTargetDependency */ = {
			isa = PBXTargetDependency;
			target = D918387F213D29FE006BD216 /* CoreDataTest */;
			targetProxy = D9183898213D2A00006BD216 /* PBXContainerItemProxy */;
		};
		D91838A4213D2A00006BD216 /* PBXTargetDependency */ = {
			isa = PBXTargetDependency;
			target = D918387F213D29FE006BD216 /* CoreDataTest */;
			targetProxy = D91838A3213D2A00006BD216 /* PBXContainerItemProxy */;
		};
/* End PBXTargetDependency section */

/* Begin PBXVariantGroup section */
		D9183887213D29FE006BD216 /* Main.storyboard */ = {
			isa = PBXVariantGroup;
			children = (
				D9183888213D29FE006BD216 /* Base */,
			);
			name = Main.storyboard;
			sourceTree = "<group>";
		};
		D918388F213D29FF006BD216 /* LaunchScreen.storyboard */ = {
			isa = PBXVariantGroup;
			children = (
				D9183890213D29FF006BD216 /* Base */,
			);
			name = LaunchScreen.storyboard;
			sourceTree = "<group>";
		};
/* End PBXVariantGroup section */

/* Begin XCBuildConfiguration section */
		D91838A9213D2A00006BD216 /* Debug */ = {
			isa = XCBuildConfiguration;
			buildSettings = {
				ALWAYS_SEARCH_USER_PATHS = NO;
				CLANG_ANALYZER_NONNULL = YES;
				CLANG_ANALYZER_NUMBER_OBJECT_CONVERSION = YES_AGGRESSIVE;
				CLANG_CXX_LANGUAGE_STANDARD = "gnu++14";
				CLANG_CXX_LIBRARY = "libc++";
				CLANG_ENABLE_MODULES = YES;
				CLANG_ENABLE_OBJC_ARC = YES;
				CLANG_ENABLE_OBJC_WEAK = YES;
				CLANG_WARN_BLOCK_CAPTURE_AUTORELEASING = YES;
				CLANG_WARN_BOOL_CONVERSION = YES;
				CLANG_WARN_COMMA = YES;
				CLANG_WARN_CONSTANT_CONVERSION = YES;
				CLANG_WARN_DEPRECATED_OBJC_IMPLEMENTATIONS = YES;
				CLANG_WARN_DIRECT_OBJC_ISA_USAGE = YES_ERROR;
				CLANG_WARN_DOCUMENTATION_COMMENTS = YES;
				CLANG_WARN_EMPTY_BODY = YES;
				CLANG_WARN_ENUM_CONVERSION = YES;
				CLANG_WARN_INFINITE_RECURSION = YES;
				CLANG_WARN_INT_CONVERSION = YES;
				CLANG_WARN_NON_LITERAL_NULL_CONVERSION = YES;
				CLANG_WARN_OBJC_IMPLICIT_RETAIN_SELF = YES;
				CLANG_WARN_OBJC_LITERAL_CONVERSION = YES;
				CLANG_WARN_OBJC_ROOT_CLASS = YES_ERROR;
				CLANG_WARN_RANGE_LOOP_ANALYSIS = YES;
				CLANG_WARN_STRICT_PROTOTYPES = YES;
				CLANG_WARN_SUSPICIOUS_MOVE = YES;
				CLANG_WARN_UNGUARDED_AVAILABILITY = YES_AGGRESSIVE;
				CLANG_WARN_UNREACHABLE_CODE = YES;
				CLANG_WARN__DUPLICATE_METHOD_MATCH = YES;
				CODE_SIGN_IDENTITY = "iPhone Developer";
				COPY_PHASE_STRIP = NO;
				DEBUG_INFORMATION_FORMAT = dwarf;
				ENABLE_STRICT_OBJC_MSGSEND = YES;
				ENABLE_TESTABILITY = YES;
				GCC_C_LANGUAGE_STANDARD = gnu11;
				GCC_DYNAMIC_NO_PIC = NO;
				GCC_NO_COMMON_BLOCKS = YES;
				GCC_OPTIMIZATION_LEVEL = 0;
				GCC_PREPROCESSOR_DEFINITIONS = (
					"DEBUG=1",
					"$(inherited)",
				);
				GCC_WARN_64_TO_32_BIT_CONVERSION = YES;
				GCC_WARN_ABOUT_RETURN_TYPE = YES_ERROR;
				GCC_WARN_UNDECLARED_SELECTOR = YES;
				GCC_WARN_UNINITIALIZED_AUTOS = YES_AGGRESSIVE;
				GCC_WARN_UNUSED_FUNCTION = YES;
				GCC_WARN_UNUSED_VARIABLE = YES;
				IPHONEOS_DEPLOYMENT_TARGET = 11.4;
				MTL_ENABLE_DEBUG_INFO = YES;
				ONLY_ACTIVE_ARCH = YES;
				SDKROOT = iphoneos;
				SWIFT_ACTIVE_COMPILATION_CONDITIONS = DEBUG;
				SWIFT_OPTIMIZATION_LEVEL = "-Onone";
			};
			name = Debug;
		};
		D91838AA213D2A00006BD216 /* Release */ = {
			isa = XCBuildConfiguration;
			buildSettings = {
				ALWAYS_SEARCH_USER_PATHS = NO;
				CLANG_ANALYZER_NONNULL = YES;
				CLANG_ANALYZER_NUMBER_OBJECT_CONVERSION = YES_AGGRESSIVE;
				CLANG_CXX_LANGUAGE_STANDARD = "gnu++14";
				CLANG_CXX_LIBRARY = "libc++";
				CLANG_ENABLE_MODULES = YES;
				CLANG_ENABLE_OBJC_ARC = YES;
				CLANG_ENABLE_OBJC_WEAK = YES;
				CLANG_WARN_BLOCK_CAPTURE_AUTORELEASING = YES;
				CLANG_WARN_BOOL_CONVERSION = YES;
				CLANG_WARN_COMMA = YES;
				CLANG_WARN_CONSTANT_CONVERSION = YES;
				CLANG_WARN_DEPRECATED_OBJC_IMPLEMENTATIONS = YES;
				CLANG_WARN_DIRECT_OBJC_ISA_USAGE = YES_ERROR;
				CLANG_WARN_DOCUMENTATION_COMMENTS = YES;
				CLANG_WARN_EMPTY_BODY = YES;
				CLANG_WARN_ENUM_CONVERSION = YES;
				CLANG_WARN_INFINITE_RECURSION = YES;
				CLANG_WARN_INT_CONVERSION = YES;
				CLANG_WARN_NON_LITERAL_NULL_CONVERSION = YES;
				CLANG_WARN_OBJC_IMPLICIT_RETAIN_SELF = YES;
				CLANG_WARN_OBJC_LITERAL_CONVERSION = YES;
				CLANG_WARN_OBJC_ROOT_CLASS = YES_ERROR;
				CLANG_WARN_RANGE_LOOP_ANALYSIS = YES;
				CLANG_WARN_STRICT_PROTOTYPES = YES;
				CLANG_WARN_SUSPICIOUS_MOVE = YES;
				CLANG_WARN_UNGUARDED_AVAILABILITY = YES_AGGRESSIVE;
				CLANG_WARN_UNREACHABLE_CODE = YES;
				CLANG_WARN__DUPLICATE_METHOD_MATCH = YES;
				CODE_SIGN_IDENTITY = "iPhone Developer";
				COPY_PHASE_STRIP = NO;
				DEBUG_INFORMATION_FORMAT = "dwarf-with-dsym";
				ENABLE_NS_ASSERTIONS = NO;
				ENABLE_STRICT_OBJC_MSGSEND = YES;
				GCC_C_LANGUAGE_STANDARD = gnu11;
				GCC_NO_COMMON_BLOCKS = YES;
				GCC_WARN_64_TO_32_BIT_CONVERSION = YES;
				GCC_WARN_ABOUT_RETURN_TYPE = YES_ERROR;
				GCC_WARN_UNDECLARED_SELECTOR = YES;
				GCC_WARN_UNINITIALIZED_AUTOS = YES_AGGRESSIVE;
				GCC_WARN_UNUSED_FUNCTION = YES;
				GCC_WARN_UNUSED_VARIABLE = YES;
				IPHONEOS_DEPLOYMENT_TARGET = 11.4;
				MTL_ENABLE_DEBUG_INFO = NO;
				SDKROOT = iphoneos;
				SWIFT_COMPILATION_MODE = wholemodule;
				SWIFT_OPTIMIZATION_LEVEL = "-O";
				VALIDATE_PRODUCT = YES;
			};
			name = Release;
		};
		D91838AC213D2A00006BD216 /* Debug */ = {
			isa = XCBuildConfiguration;
			buildSettings = {
				ASSETCATALOG_COMPILER_APPICON_NAME = AppIcon;
				CODE_SIGN_STYLE = Automatic;
				DEVELOPMENT_TEAM = XLND8F6BR9;
				INFOPLIST_FILE = CoreDataTest/Info.plist;
				IPHONEOS_DEPLOYMENT_TARGET = 10.2;
				LD_RUNPATH_SEARCH_PATHS = (
					"$(inherited)",
					"@executable_path/Frameworks",
				);
				PRODUCT_BUNDLE_IDENTIFIER = test.MergingData;
				PRODUCT_NAME = "$(TARGET_NAME)";
				SWIFT_VERSION = 4.0;
				TARGETED_DEVICE_FAMILY = "1,2";
			};
			name = Debug;
		};
		D91838AD213D2A00006BD216 /* Release */ = {
			isa = XCBuildConfiguration;
			buildSettings = {
				ASSETCATALOG_COMPILER_APPICON_NAME = AppIcon;
				CODE_SIGN_STYLE = Automatic;
				DEVELOPMENT_TEAM = XLND8F6BR9;
				INFOPLIST_FILE = CoreDataTest/Info.plist;
				IPHONEOS_DEPLOYMENT_TARGET = 10.2;
				LD_RUNPATH_SEARCH_PATHS = (
					"$(inherited)",
					"@executable_path/Frameworks",
				);
				PRODUCT_BUNDLE_IDENTIFIER = test.MergingData;
				PRODUCT_NAME = "$(TARGET_NAME)";
				SWIFT_VERSION = 4.0;
				TARGETED_DEVICE_FAMILY = "1,2";
			};
			name = Release;
		};
		D91838AF213D2A00006BD216 /* Debug */ = {
			isa = XCBuildConfiguration;
			buildSettings = {
				ALWAYS_EMBED_SWIFT_STANDARD_LIBRARIES = YES;
				BUNDLE_LOADER = "$(TEST_HOST)";
				CODE_SIGN_STYLE = Automatic;
				DEVELOPMENT_TEAM = XLND8F6BR9;
				INFOPLIST_FILE = CoreDataTestTests/Info.plist;
				LD_RUNPATH_SEARCH_PATHS = (
					"$(inherited)",
					"@executable_path/Frameworks",
					"@loader_path/Frameworks",
				);
				PRODUCT_BUNDLE_IDENTIFIER = test.CoreDataTestTests;
				PRODUCT_NAME = "$(TARGET_NAME)";
				SWIFT_VERSION = 4.0;
				TARGETED_DEVICE_FAMILY = "1,2";
				TEST_HOST = "$(BUILT_PRODUCTS_DIR)/CoreDataTest.app/CoreDataTest";
			};
			name = Debug;
		};
		D91838B0213D2A00006BD216 /* Release */ = {
			isa = XCBuildConfiguration;
			buildSettings = {
				ALWAYS_EMBED_SWIFT_STANDARD_LIBRARIES = YES;
				BUNDLE_LOADER = "$(TEST_HOST)";
				CODE_SIGN_STYLE = Automatic;
				DEVELOPMENT_TEAM = XLND8F6BR9;
				INFOPLIST_FILE = CoreDataTestTests/Info.plist;
				LD_RUNPATH_SEARCH_PATHS = (
					"$(inherited)",
					"@executable_path/Frameworks",
					"@loader_path/Frameworks",
				);
				PRODUCT_BUNDLE_IDENTIFIER = test.CoreDataTestTests;
				PRODUCT_NAME = "$(TARGET_NAME)";
				SWIFT_VERSION = 4.0;
				TARGETED_DEVICE_FAMILY = "1,2";
				TEST_HOST = "$(BUILT_PRODUCTS_DIR)/CoreDataTest.app/CoreDataTest";
			};
			name = Release;
		};
		D91838B2213D2A00006BD216 /* Debug */ = {
			isa = XCBuildConfiguration;
			buildSettings = {
				ALWAYS_EMBED_SWIFT_STANDARD_LIBRARIES = YES;
				CODE_SIGN_STYLE = Automatic;
				DEVELOPMENT_TEAM = XLND8F6BR9;
				INFOPLIST_FILE = CoreDataTestUITests/Info.plist;
				LD_RUNPATH_SEARCH_PATHS = (
					"$(inherited)",
					"@executable_path/Frameworks",
					"@loader_path/Frameworks",
				);
				PRODUCT_BUNDLE_IDENTIFIER = test.CoreDataTestUITests;
				PRODUCT_NAME = "$(TARGET_NAME)";
				SWIFT_VERSION = 4.0;
				TARGETED_DEVICE_FAMILY = "1,2";
				TEST_TARGET_NAME = CoreDataTest;
			};
			name = Debug;
		};
		D91838B3213D2A00006BD216 /* Release */ = {
			isa = XCBuildConfiguration;
			buildSettings = {
				ALWAYS_EMBED_SWIFT_STANDARD_LIBRARIES = YES;
				CODE_SIGN_STYLE = Automatic;
				DEVELOPMENT_TEAM = XLND8F6BR9;
				INFOPLIST_FILE = CoreDataTestUITests/Info.plist;
				LD_RUNPATH_SEARCH_PATHS = (
					"$(inherited)",
					"@executable_path/Frameworks",
					"@loader_path/Frameworks",
				);
				PRODUCT_BUNDLE_IDENTIFIER = test.CoreDataTestUITests;
				PRODUCT_NAME = "$(TARGET_NAME)";
				SWIFT_VERSION = 4.0;
				TARGETED_DEVICE_FAMILY = "1,2";
				TEST_TARGET_NAME = CoreDataTest;
			};
			name = Release;
		};
/* End XCBuildConfiguration section */

/* Begin XCConfigurationList section */
		D918387B213D29FE006BD216 /* Build configuration list for PBXProject "CoreDataTest" */ = {
			isa = XCConfigurationList;
			buildConfigurations = (
				D91838A9213D2A00006BD216 /* Debug */,
				D91838AA213D2A00006BD216 /* Release */,
			);
			defaultConfigurationIsVisible = 0;
			defaultConfigurationName = Release;
		};
		D91838AB213D2A00006BD216 /* Build configuration list for PBXNativeTarget "CoreDataTest" */ = {
			isa = XCConfigurationList;
			buildConfigurations = (
				D91838AC213D2A00006BD216 /* Debug */,
				D91838AD213D2A00006BD216 /* Release */,
			);
			defaultConfigurationIsVisible = 0;
			defaultConfigurationName = Release;
		};
		D91838AE213D2A00006BD216 /* Build configuration list for PBXNativeTarget "CoreDataTestTests" */ = {
			isa = XCConfigurationList;
			buildConfigurations = (
				D91838AF213D2A00006BD216 /* Debug */,
				D91838B0213D2A00006BD216 /* Release */,
			);
			defaultConfigurationIsVisible = 0;
			defaultConfigurationName = Release;
		};
		D91838B1213D2A00006BD216 /* Build configuration list for PBXNativeTarget "CoreDataTestUITests" */ = {
			isa = XCConfigurationList;
			buildConfigurations = (
				D91838B2213D2A00006BD216 /* Debug */,
				D91838B3213D2A00006BD216 /* Release */,
			);
			defaultConfigurationIsVisible = 0;
			defaultConfigurationName = Release;
		};
/* End XCConfigurationList section */

/* Begin XCVersionGroup section */
		D918388A213D29FE006BD216 /* CoreDataTest.xcdatamodeld */ = {
			isa = XCVersionGroup;
			children = (
				D918388B213D29FE006BD216 /* CoreDataTest.xcdatamodel */,
			);
			currentVersion = D918388B213D29FE006BD216 /* CoreDataTest.xcdatamodel */;
			path = CoreDataTest.xcdatamodeld;
			sourceTree = "<group>";
			versionGroupType = wrapper.xcdatamodel;
		};
/* End XCVersionGroup section */
	};
	rootObject = D9183878213D29FE006BD216 /* Project object */;
}
